
Microsoft Visual Studio Solution File, Format Version 12.00
Project("{2150E333-8FDC-42A3-9474-1A3956D46DE8}") = "Core", "Core", "{E92BBF0C-A32C-4D59-BB51-75F5610E0476}"
EndProject
Project("{FAE04EC0-301F-11D3-BF4B-00C04F79EFBC}") = "Store.Entities", "Store.Entities\Store.Entities.csproj", "{FC7E2201-B770-4CE5-BD23-22C7840E9C25}"
EndProject
Project("{FAE04EC0-301F-11D3-BF4B-00C04F79EFBC}") = "Store.Services", "Store.Services\Store.Services.csproj", "{5D98D875-48E2-44D0-A2D3-78E1B1521580}"
EndProject
Project("{2150E333-8FDC-42A3-9474-1A3956D46DE8}") = "Infrastructure", "Infrastructure", "{1A274B48-6940-4BF6-A137-C83DA05FC18A}"
EndProject
Project("{2150E333-8FDC-42A3-9474-1A3956D46DE8}") = "Peresentation", "Peresentation", "{103FBB3B-53CE-47E2-A3CE-3FC958EEB2DD}"
EndProject
Project("{FAE04EC0-301F-11D3-BF4B-00C04F79EFBC}") = "Store.Applications", "Store.Applications\Store.Applications.csproj", "{88A660B3-3D3F-459A-9ED3-9E8410240EA7}"
EndProject
Project("{FAE04EC0-301F-11D3-BF4B-00C04F79EFBC}") = "Store.Persistence", "Store.Persistence\Store.Persistence.csproj", "{8B9227D4-6FE0-4EE0-9B51-A8D619C22C1A}"
EndProject
Project("{FAE04EC0-301F-11D3-BF4B-00C04F79EFBC}") = "Store.Migrations", "Store.Migrations\Store.Migrations.csproj", "{68F2F9D6-53A1-4A5A-8404-AD4ACE10F0AB}"
EndProject
Project("{FAE04EC0-301F-11D3-BF4B-00C04F79EFBC}") = "Store.Api", "Store.Api\Store.Api.csproj", "{C30EF337-74DC-46F7-9330-1CDC944538FA}"
EndProject
Global
	GlobalSection(SolutionConfigurationPlatforms) = preSolution
		Debug|Any CPU = Debug|Any CPU
		Release|Any CPU = Release|Any CPU
	EndGlobalSection
	GlobalSection(ProjectConfigurationPlatforms) = postSolution
		{FC7E2201-B770-4CE5-BD23-22C7840E9C25}.Debug|Any CPU.ActiveCfg = Debug|Any CPU
		{FC7E2201-B770-4CE5-BD23-22C7840E9C25}.Debug|Any CPU.Build.0 = Debug|Any CPU
		{FC7E2201-B770-4CE5-BD23-22C7840E9C25}.Release|Any CPU.ActiveCfg = Release|Any CPU
		{FC7E2201-B770-4CE5-BD23-22C7840E9C25}.Release|Any CPU.Build.0 = Release|Any CPU
		{5D98D875-48E2-44D0-A2D3-78E1B1521580}.Debug|Any CPU.ActiveCfg = Debug|Any CPU
		{5D98D875-48E2-44D0-A2D3-78E1B1521580}.Debug|Any CPU.Build.0 = Debug|Any CPU
		{5D98D875-48E2-44D0-A2D3-78E1B1521580}.Release|Any CPU.ActiveCfg = Release|Any CPU
		{5D98D875-48E2-44D0-A2D3-78E1B1521580}.Release|Any CPU.Build.0 = Release|Any CPU
		{88A660B3-3D3F-459A-9ED3-9E8410240EA7}.Debug|Any CPU.ActiveCfg = Debug|Any CPU
		{88A660B3-3D3F-459A-9ED3-9E8410240EA7}.Debug|Any CPU.Build.0 = Debug|Any CPU
		{88A660B3-3D3F-459A-9ED3-9E8410240EA7}.Release|Any CPU.ActiveCfg = Release|Any CPU
		{88A660B3-3D3F-459A-9ED3-9E8410240EA7}.Release|Any CPU.Build.0 = Release|Any CPU
		{8B9227D4-6FE0-4EE0-9B51-A8D619C22C1A}.Debug|Any CPU.ActiveCfg = Debug|Any CPU
		{8B9227D4-6FE0-4EE0-9B51-A8D619C22C1A}.Debug|Any CPU.Build.0 = Debug|Any CPU
		{8B9227D4-6FE0-4EE0-9B51-A8D619C22C1A}.Release|Any CPU.ActiveCfg = Release|Any CPU
		{8B9227D4-6FE0-4EE0-9B51-A8D619C22C1A}.Release|Any CPU.Build.0 = Release|Any CPU
		{68F2F9D6-53A1-4A5A-8404-AD4ACE10F0AB}.Debug|Any CPU.ActiveCfg = Debug|Any CPU
		{68F2F9D6-53A1-4A5A-8404-AD4ACE10F0AB}.Debug|Any CPU.Build.0 = Debug|Any CPU
		{68F2F9D6-53A1-4A5A-8404-AD4ACE10F0AB}.Release|Any CPU.ActiveCfg = Release|Any CPU
		{68F2F9D6-53A1-4A5A-8404-AD4ACE10F0AB}.Release|Any CPU.Build.0 = Release|Any CPU
		{C30EF337-74DC-46F7-9330-1CDC944538FA}.Debug|Any CPU.ActiveCfg = Debug|Any CPU
		{C30EF337-74DC-46F7-9330-1CDC944538FA}.Debug|Any CPU.Build.0 = Debug|Any CPU
		{C30EF337-74DC-46F7-9330-1CDC944538FA}.Release|Any CPU.ActiveCfg = Release|Any CPU
		{C30EF337-74DC-46F7-9330-1CDC944538FA}.Release|Any CPU.Build.0 = Release|Any CPU
	EndGlobalSection
	GlobalSection(NestedProjects) = preSolution
		{FC7E2201-B770-4CE5-BD23-22C7840E9C25} = {E92BBF0C-A32C-4D59-BB51-75F5610E0476}
		{5D98D875-48E2-44D0-A2D3-78E1B1521580} = {E92BBF0C-A32C-4D59-BB51-75F5610E0476}
		{88A660B3-3D3F-459A-9ED3-9E8410240EA7} = {E92BBF0C-A32C-4D59-BB51-75F5610E0476}
		{8B9227D4-6FE0-4EE0-9B51-A8D619C22C1A} = {1A274B48-6940-4BF6-A137-C83DA05FC18A}
		{68F2F9D6-53A1-4A5A-8404-AD4ACE10F0AB} = {1A274B48-6940-4BF6-A137-C83DA05FC18A}
		{C30EF337-74DC-46F7-9330-1CDC944538FA} = {103FBB3B-53CE-47E2-A3CE-3FC958EEB2DD}
	EndGlobalSection
EndGlobal
